// !$*UTF8*$!
{
	archiveVersion = 1;
	classes = {
	};
	objectVersion = 50;
	objects = {

/* Begin PBXBuildFile section */
		404B1E6D22EBD0EB00649FFE /* DetailedViewController.swift in Sources */ = {isa = PBXBuildFile; fileRef = 404B1E6C22EBD0EB00649FFE /* DetailedViewController.swift */; };
		407A5DFC22EC9A8100E0BB98 /* MapViewController.swift in Sources */ = {isa = PBXBuildFile; fileRef = 407A5DFB22EC9A8100E0BB98 /* MapViewController.swift */; };
		40869CCE22E3560C00BF2911 /* AppDelegate.swift in Sources */ = {isa = PBXBuildFile; fileRef = 40869CCD22E3560C00BF2911 /* AppDelegate.swift */; };
		40869CD022E3560C00BF2911 /* ViewController.swift in Sources */ = {isa = PBXBuildFile; fileRef = 40869CCF22E3560C00BF2911 /* ViewController.swift */; };
		40869CD322E3560C00BF2911 /* Main.storyboard in Resources */ = {isa = PBXBuildFile; fileRef = 40869CD122E3560C00BF2911 /* Main.storyboard */; };
		40869CD522E3560E00BF2911 /* Assets.xcassets in Resources */ = {isa = PBXBuildFile; fileRef = 40869CD422E3560E00BF2911 /* Assets.xcassets */; };
		40869CD822E3560E00BF2911 /* LaunchScreen.storyboard in Resources */ = {isa = PBXBuildFile; fileRef = 40869CD622E3560E00BF2911 /* LaunchScreen.storyboard */; };
		40869CE322E3560F00BF2911 /* tableViewTests.swift in Sources */ = {isa = PBXBuildFile; fileRef = 40869CE222E3560F00BF2911 /* tableViewTests.swift */; };
		40869CEE22E3560F00BF2911 /* tableViewUITests.swift in Sources */ = {isa = PBXBuildFile; fileRef = 40869CED22E3560F00BF2911 /* tableViewUITests.swift */; };
		40869CFC22E3565C00BF2911 /* WonderTableViewController.swift in Sources */ = {isa = PBXBuildFile; fileRef = 40869CFB22E3565C00BF2911 /* WonderTableViewController.swift */; };
		40869CFE22E3588700BF2911 /* WondersTableViewCell.swift in Sources */ = {isa = PBXBuildFile; fileRef = 40869CFD22E3588700BF2911 /* WondersTableViewCell.swift */; };
		40869D0022E367B300BF2911 /* Wonders.swift in Sources */ = {isa = PBXBuildFile; fileRef = 40869CFF22E367B300BF2911 /* Wonders.swift */; };
		40869D0222E367EE00BF2911 /* wonders.json in Resources */ = {isa = PBXBuildFile; fileRef = 40869D0122E367EE00BF2911 /* wonders.json */; };
		40869D0422E38D4900BF2911 /* Wow.storyboard in Resources */ = {isa = PBXBuildFile; fileRef = 40869D0322E38D4900BF2911 /* Wow.storyboard */; };
		40869D0A22E38FC500BF2911 /* NewWonderViewController.swift in Sources */ = {isa = PBXBuildFile; fileRef = 40869D0922E38FC500BF2911 /* NewWonderViewController.swift */; };
		40C0AC3422FE170A0025FBF5 /* SavedWondersViewController.swift in Sources */ = {isa = PBXBuildFile; fileRef = 40C0AC3322FE170A0025FBF5 /* SavedWondersViewController.swift */; };
		40C0AC3622FE1D7A0025FBF5 /* Slide.xib in Resources */ = {isa = PBXBuildFile; fileRef = 40C0AC3522FE1D7A0025FBF5 /* Slide.xib */; };
		40C0AC3822FE1DBD0025FBF5 /* Slide.swift in Sources */ = {isa = PBXBuildFile; fileRef = 40C0AC3722FE1DBD0025FBF5 /* Slide.swift */; };
/* End PBXBuildFile section */

/* Begin PBXContainerItemProxy section */
		40869CDF22E3560F00BF2911 /* PBXContainerItemProxy */ = {
			isa = PBXContainerItemProxy;
			containerPortal = 40869CC222E3560C00BF2911 /* Project object */;
			proxyType = 1;
			remoteGlobalIDString = 40869CC922E3560C00BF2911;
			remoteInfo = tableView;
		};
		40869CEA22E3560F00BF2911 /* PBXContainerItemProxy */ = {
			isa = PBXContainerItemProxy;
			containerPortal = 40869CC222E3560C00BF2911 /* Project object */;
			proxyType = 1;
			remoteGlobalIDString = 40869CC922E3560C00BF2911;
			remoteInfo = tableView;
		};
/* End PBXContainerItemProxy section */

/* Begin PBXFileReference section */
		404B1E6C22EBD0EB00649FFE /* DetailedViewController.swift */ = {isa = PBXFileReference; lastKnownFileType = sourcecode.swift; path = DetailedViewController.swift; sourceTree = "<group>"; };
		407A5DFB22EC9A8100E0BB98 /* MapViewController.swift */ = {isa = PBXFileReference; lastKnownFileType = sourcecode.swift; path = MapViewController.swift; sourceTree = "<group>"; };
		40869CCA22E3560C00BF2911 /* tableView.app */ = {isa = PBXFileReference; explicitFileType = wrapper.application; includeInIndex = 0; path = tableView.app; sourceTree = BUILT_PRODUCTS_DIR; };
		40869CCD22E3560C00BF2911 /* AppDelegate.swift */ = {isa = PBXFileReference; lastKnownFileType = sourcecode.swift; path = AppDelegate.swift; sourceTree = "<group>"; };
		40869CCF22E3560C00BF2911 /* ViewController.swift */ = {isa = PBXFileReference; lastKnownFileType = sourcecode.swift; path = ViewController.swift; sourceTree = "<group>"; };
		40869CD222E3560C00BF2911 /* Base */ = {isa = PBXFileReference; lastKnownFileType = file.storyboard; name = Base; path = Base.lproj/Main.storyboard; sourceTree = "<group>"; };
		40869CD422E3560E00BF2911 /* Assets.xcassets */ = {isa = PBXFileReference; lastKnownFileType = folder.assetcatalog; path = Assets.xcassets; sourceTree = "<group>"; };
		40869CD722E3560E00BF2911 /* Base */ = {isa = PBXFileReference; lastKnownFileType = file.storyboard; name = Base; path = Base.lproj/LaunchScreen.storyboard; sourceTree = "<group>"; };
		40869CD922E3560F00BF2911 /* Info.plist */ = {isa = PBXFileReference; lastKnownFileType = text.plist.xml; path = Info.plist; sourceTree = "<group>"; };
		40869CDE22E3560F00BF2911 /* tableViewTests.xctest */ = {isa = PBXFileReference; explicitFileType = wrapper.cfbundle; includeInIndex = 0; path = tableViewTests.xctest; sourceTree = BUILT_PRODUCTS_DIR; };
		40869CE222E3560F00BF2911 /* tableViewTests.swift */ = {isa = PBXFileReference; lastKnownFileType = sourcecode.swift; path = tableViewTests.swift; sourceTree = "<group>"; };
		40869CE422E3560F00BF2911 /* Info.plist */ = {isa = PBXFileReference; lastKnownFileType = text.plist.xml; path = Info.plist; sourceTree = "<group>"; };
		40869CE922E3560F00BF2911 /* tableViewUITests.xctest */ = {isa = PBXFileReference; explicitFileType = wrapper.cfbundle; includeInIndex = 0; path = tableViewUITests.xctest; sourceTree = BUILT_PRODUCTS_DIR; };
		40869CED22E3560F00BF2911 /* tableViewUITests.swift */ = {isa = PBXFileReference; lastKnownFileType = sourcecode.swift; path = tableViewUITests.swift; sourceTree = "<group>"; };
		40869CEF22E3560F00BF2911 /* Info.plist */ = {isa = PBXFileReference; lastKnownFileType = text.plist.xml; path = Info.plist; sourceTree = "<group>"; };
		40869CFB22E3565C00BF2911 /* WonderTableViewController.swift */ = {isa = PBXFileReference; lastKnownFileType = sourcecode.swift; path = WonderTableViewController.swift; sourceTree = "<group>"; };
		40869CFD22E3588700BF2911 /* WondersTableViewCell.swift */ = {isa = PBXFileReference; lastKnownFileType = sourcecode.swift; path = WondersTableViewCell.swift; sourceTree = "<group>"; };
		40869CFF22E367B300BF2911 /* Wonders.swift */ = {isa = PBXFileReference; lastKnownFileType = sourcecode.swift; path = Wonders.swift; sourceTree = "<group>"; };
		40869D0122E367EE00BF2911 /* wonders.json */ = {isa = PBXFileReference; fileEncoding = 4; lastKnownFileType = text.json; path = wonders.json; sourceTree = SOURCE_ROOT; };
		40869D0322E38D4900BF2911 /* Wow.storyboard */ = {isa = PBXFileReference; lastKnownFileType = file.storyboard; path = Wow.storyboard; sourceTree = "<group>"; };
		40869D0922E38FC500BF2911 /* NewWonderViewController.swift */ = {isa = PBXFileReference; lastKnownFileType = sourcecode.swift; path = NewWonderViewController.swift; sourceTree = "<group>"; };
		40C0AC3322FE170A0025FBF5 /* SavedWondersViewController.swift */ = {isa = PBXFileReference; lastKnownFileType = sourcecode.swift; path = SavedWondersViewController.swift; sourceTree = "<group>"; };
		40C0AC3522FE1D7A0025FBF5 /* Slide.xib */ = {isa = PBXFileReference; lastKnownFileType = file.xib; path = Slide.xib; sourceTree = "<group>"; };
		40C0AC3722FE1DBD0025FBF5 /* Slide.swift */ = {isa = PBXFileReference; lastKnownFileType = sourcecode.swift; path = Slide.swift; sourceTree = "<group>"; };
/* End PBXFileReference section */

/* Begin PBXFrameworksBuildPhase section */
		40869CC722E3560C00BF2911 /* Frameworks */ = {
			isa = PBXFrameworksBuildPhase;
			buildActionMask = 2147483647;
			files = (
			);
			runOnlyForDeploymentPostprocessing = 0;
		};
		40869CDB22E3560F00BF2911 /* Frameworks */ = {
			isa = PBXFrameworksBuildPhase;
			buildActionMask = 2147483647;
			files = (
			);
			runOnlyForDeploymentPostprocessing = 0;
		};
		40869CE622E3560F00BF2911 /* Frameworks */ = {
			isa = PBXFrameworksBuildPhase;
			buildActionMask = 2147483647;
			files = (
			);
			runOnlyForDeploymentPostprocessing = 0;
		};
/* End PBXFrameworksBuildPhase section */

/* Begin PBXGroup section */
		40869CC122E3560C00BF2911 = {
			isa = PBXGroup;
			children = (
				40869CCC22E3560C00BF2911 /* tableView */,
				40869CE122E3560F00BF2911 /* tableViewTests */,
				40869CEC22E3560F00BF2911 /* tableViewUITests */,
				40869CCB22E3560C00BF2911 /* Products */,
			);
			sourceTree = "<group>";
		};
		40869CCB22E3560C00BF2911 /* Products */ = {
			isa = PBXGroup;
			children = (
				40869CCA22E3560C00BF2911 /* tableView.app */,
				40869CDE22E3560F00BF2911 /* tableViewTests.xctest */,
				40869CE922E3560F00BF2911 /* tableViewUITests.xctest */,
			);
			name = Products;
			sourceTree = "<group>";
		};
		40869CCC22E3560C00BF2911 /* tableView */ = {
			isa = PBXGroup;
			children = (
				40869D0122E367EE00BF2911 /* wonders.json */,
				40869CCD22E3560C00BF2911 /* AppDelegate.swift */,
				40869CCF22E3560C00BF2911 /* ViewController.swift */,
				40869CD122E3560C00BF2911 /* Main.storyboard */,
				40869CD422E3560E00BF2911 /* Assets.xcassets */,
				40869CD622E3560E00BF2911 /* LaunchScreen.storyboard */,
				40869CD922E3560F00BF2911 /* Info.plist */,
				40869CFB22E3565C00BF2911 /* WonderTableViewController.swift */,
				40869CFD22E3588700BF2911 /* WondersTableViewCell.swift */,
				40869CFF22E367B300BF2911 /* Wonders.swift */,
				40869D0322E38D4900BF2911 /* Wow.storyboard */,
				40869D0922E38FC500BF2911 /* NewWonderViewController.swift */,
				404B1E6C22EBD0EB00649FFE /* DetailedViewController.swift */,
				407A5DFB22EC9A8100E0BB98 /* MapViewController.swift */,
				40C0AC3322FE170A0025FBF5 /* SavedWondersViewController.swift */,
				40C0AC3522FE1D7A0025FBF5 /* Slide.xib */,
				40C0AC3722FE1DBD0025FBF5 /* Slide.swift */,
			);
			path = tableView;
			sourceTree = "<group>";
		};
		40869CE122E3560F00BF2911 /* tableViewTests */ = {
			isa = PBXGroup;
			children = (
				40869CE222E3560F00BF2911 /* tableViewTests.swift */,
				40869CE422E3560F00BF2911 /* Info.plist */,
			);
			path = tableViewTests;
			sourceTree = "<group>";
		};
		40869CEC22E3560F00BF2911 /* tableViewUITests */ = {
			isa = PBXGroup;
			children = (
				40869CED22E3560F00BF2911 /* tableViewUITests.swift */,
				40869CEF22E3560F00BF2911 /* Info.plist */,
			);
			path = tableViewUITests;
			sourceTree = "<group>";
		};
/* End PBXGroup section */

/* Begin PBXNativeTarget section */
		40869CC922E3560C00BF2911 /* tableView */ = {
			isa = PBXNativeTarget;
			buildConfigurationList = 40869CF222E3560F00BF2911 /* Build configuration list for PBXNativeTarget "tableView" */;
			buildPhases = (
				40869CC622E3560C00BF2911 /* Sources */,
				40869CC722E3560C00BF2911 /* Frameworks */,
				40869CC822E3560C00BF2911 /* Resources */,
			);
			buildRules = (
			);
			dependencies = (
			);
			name = tableView;
			productName = tableView;
			productReference = 40869CCA22E3560C00BF2911 /* tableView.app */;
			productType = "com.apple.product-type.application";
		};
		40869CDD22E3560F00BF2911 /* tableViewTests */ = {
			isa = PBXNativeTarget;
			buildConfigurationList = 40869CF522E3560F00BF2911 /* Build configuration list for PBXNativeTarget "tableViewTests" */;
			buildPhases = (
				40869CDA22E3560F00BF2911 /* Sources */,
				40869CDB22E3560F00BF2911 /* Frameworks */,
				40869CDC22E3560F00BF2911 /* Resources */,
			);
			buildRules = (
			);
			dependencies = (
				40869CE022E3560F00BF2911 /* PBXTargetDependency */,
			);
			name = tableViewTests;
			productName = tableViewTests;
			productReference = 40869CDE22E3560F00BF2911 /* tableViewTests.xctest */;
			productType = "com.apple.product-type.bundle.unit-test";
		};
		40869CE822E3560F00BF2911 /* tableViewUITests */ = {
			isa = PBXNativeTarget;
			buildConfigurationList = 40869CF822E3560F00BF2911 /* Build configuration list for PBXNativeTarget "tableViewUITests" */;
			buildPhases = (
				40869CE522E3560F00BF2911 /* Sources */,
				40869CE622E3560F00BF2911 /* Frameworks */,
				40869CE722E3560F00BF2911 /* Resources */,
			);
			buildRules = (
			);
			dependencies = (
				40869CEB22E3560F00BF2911 /* PBXTargetDependency */,
			);
			name = tableViewUITests;
			productName = tableViewUITests;
			productReference = 40869CE922E3560F00BF2911 /* tableViewUITests.xctest */;
			productType = "com.apple.product-type.bundle.ui-testing";
		};
/* End PBXNativeTarget section */

/* Begin PBXProject section */
		40869CC222E3560C00BF2911 /* Project object */ = {
			isa = PBXProject;
			attributes = {
				LastSwiftUpdateCheck = 1020;
				LastUpgradeCheck = 1020;
				ORGANIZATIONNAME = MCDA;
				TargetAttributes = {
					40869CC922E3560C00BF2911 = {
						CreatedOnToolsVersion = 10.2.1;
					};
					40869CDD22E3560F00BF2911 = {
						CreatedOnToolsVersion = 10.2.1;
						TestTargetID = 40869CC922E3560C00BF2911;
					};
					40869CE822E3560F00BF2911 = {
						CreatedOnToolsVersion = 10.2.1;
						TestTargetID = 40869CC922E3560C00BF2911;
					};
				};
			};
			buildConfigurationList = 40869CC522E3560C00BF2911 /* Build configuration list for PBXProject "tableView" */;
			compatibilityVersion = "Xcode 9.3";
			developmentRegion = en;
			hasScannedForEncodings = 0;
			knownRegions = (
				en,
				Base,
			);
			mainGroup = 40869CC122E3560C00BF2911;
			productRefGroup = 40869CCB22E3560C00BF2911 /* Products */;
			projectDirPath = "";
			projectRoot = "";
			targets = (
				40869CC922E3560C00BF2911 /* tableView */,
				40869CDD22E3560F00BF2911 /* tableViewTests */,
				40869CE822E3560F00BF2911 /* tableViewUITests */,
			);
		};
/* End PBXProject section */

/* Begin PBXResourcesBuildPhase section */
		40869CC822E3560C00BF2911 /* Resources */ = {
			isa = PBXResourcesBuildPhase;
			buildActionMask = 2147483647;
			files = (
				40869CD822E3560E00BF2911 /* LaunchScreen.storyboard in Resources */,
				40869CD522E3560E00BF2911 /* Assets.xcassets in Resources */,
				40869D0422E38D4900BF2911 /* Wow.storyboard in Resources */,
				40869D0222E367EE00BF2911 /* wonders.json in Resources */,
				40869CD322E3560C00BF2911 /* Main.storyboard in Resources */,
				40C0AC3622FE1D7A0025FBF5 /* Slide.xib in Resources */,
			);
			runOnlyForDeploymentPostprocessing = 0;
		};
		40869CDC22E3560F00BF2911 /* Resources */ = {
			isa = PBXResourcesBuildPhase;
			buildActionMask = 2147483647;
			files = (
			);
			runOnlyForDeploymentPostprocessing = 0;
		};
		40869CE722E3560F00BF2911 /* Resources */ = {
			isa = PBXResourcesBuildPhase;
			buildActionMask = 2147483647;
			files = (
			);
			runOnlyForDeploymentPostprocessing = 0;
		};
/* End PBXResourcesBuildPhase section */

/* Begin PBXSourcesBuildPhase section */
		40869CC622E3560C00BF2911 /* Sources */ = {
			isa = PBXSourcesBuildPhase;
			buildActionMask = 2147483647;
			files = (
				404B1E6D22EBD0EB00649FFE /* DetailedViewController.swift in Sources */,
				40869CFC22E3565C00BF2911 /* WonderTableViewController.swift in Sources */,
				40C0AC3422FE170A0025FBF5 /* SavedWondersViewController.swift in Sources */,
				40869CD022E3560C00BF2911 /* ViewController.swift in Sources */,
				40869D0A22E38FC500BF2911 /* NewWonderViewController.swift in Sources */,
				40869D0022E367B300BF2911 /* Wonders.swift in Sources */,
				40869CFE22E3588700BF2911 /* WondersTableViewCell.swift in Sources */,
				40869CCE22E3560C00BF2911 /* AppDelegate.swift in Sources */,
				407A5DFC22EC9A8100E0BB98 /* MapViewController.swift in Sources */,
				40C0AC3822FE1DBD0025FBF5 /* Slide.swift in Sources */,
			);
			runOnlyForDeploymentPostprocessing = 0;
		};
		40869CDA22E3560F00BF2911 /* Sources */ = {
			isa = PBXSourcesBuildPhase;
			buildActionMask = 2147483647;
			files = (
				40869CE322E3560F00BF2911 /* tableViewTests.swift in Sources */,
			);
			runOnlyForDeploymentPostprocessing = 0;
		};
		40869CE522E3560F00BF2911 /* Sources */ = {
			isa = PBXSourcesBuildPhase;
			buildActionMask = 2147483647;
			files = (
				40869CEE22E3560F00BF2911 /* tableViewUITests.swift in Sources */,
			);
			runOnlyForDeploymentPostprocessing = 0;
		};
/* End PBXSourcesBuildPhase section */

/* Begin PBXTargetDependency section */
		40869CE022E3560F00BF2911 /* PBXTargetDependency */ = {
			isa = PBXTargetDependency;
			target = 40869CC922E3560C00BF2911 /* tableView */;
			targetProxy = 40869CDF22E3560F00BF2911 /* PBXContainerItemProxy */;
		};
		40869CEB22E3560F00BF2911 /* PBXTargetDependency */ = {
			isa = PBXTargetDependency;
			target = 40869CC922E3560C00BF2911 /* tableView */;
			targetProxy = 40869CEA22E3560F00BF2911 /* PBXContainerItemProxy */;
		};
/* End PBXTargetDependency section */

/* Begin PBXVariantGroup section */
		40869CD122E3560C00BF2911 /* Main.storyboard */ = {
			isa = PBXVariantGroup;
			children = (
				40869CD222E3560C00BF2911 /* Base */,
			);
			name = Main.storyboard;
			sourceTree = "<group>";
		};
		40869CD622E3560E00BF2911 /* LaunchScreen.storyboard */ = {
			isa = PBXVariantGroup;
			children = (
				40869CD722E3560E00BF2911 /* Base */,
			);
			name = LaunchScreen.storyboard;
			sourceTree = "<group>";
		};
/* End PBXVariantGroup section */

/* Begin XCBuildConfiguration section */
		40869CF022E3560F00BF2911 /* Debug */ = {
			isa = XCBuildConfiguration;
			buildSettings = {
				ALWAYS_SEARCH_USER_PATHS = NO;
				CLANG_ANALYZER_NONNULL = YES;
				CLANG_ANALYZER_NUMBER_OBJECT_CONVERSION = YES_AGGRESSIVE;
				CLANG_CXX_LANGUAGE_STANDARD = "gnu++14";
				CLANG_CXX_LIBRARY = "libc++";
				CLANG_ENABLE_MODULES = YES;
				CLANG_ENABLE_OBJC_ARC = YES;
				CLANG_ENABLE_OBJC_WEAK = YES;
				CLANG_WARN_BLOCK_CAPTURE_AUTORELEASING = YES;
				CLANG_WARN_BOOL_CONVERSION = YES;
				CLANG_WARN_COMMA = YES;
				CLANG_WARN_CONSTANT_CONVERSION = YES;
				CLANG_WARN_DEPRECATED_OBJC_IMPLEMENTATIONS = YES;
				CLANG_WARN_DIRECT_OBJC_ISA_USAGE = YES_ERROR;
				CLANG_WARN_DOCUMENTATION_COMMENTS = YES;
				CLANG_WARN_EMPTY_BODY = YES;
				CLANG_WARN_ENUM_CONVERSION = YES;
				CLANG_WARN_INFINITE_RECURSION = YES;
				CLANG_WARN_INT_CONVERSION = YES;
				CLANG_WARN_NON_LITERAL_NULL_CONVERSION = YES;
				CLANG_WARN_OBJC_IMPLICIT_RETAIN_SELF = YES;
				CLANG_WARN_OBJC_LITERAL_CONVERSION = YES;
				CLANG_WARN_OBJC_ROOT_CLASS = YES_ERROR;
				CLANG_WARN_RANGE_LOOP_ANALYSIS = YES;
				CLANG_WARN_STRICT_PROTOTYPES = YES;
				CLANG_WARN_SUSPICIOUS_MOVE = YES;
				CLANG_WARN_UNGUARDED_AVAILABILITY = YES_AGGRESSIVE;
				CLANG_WARN_UNREACHABLE_CODE = YES;
				CLANG_WARN__DUPLICATE_METHOD_MATCH = YES;
				CODE_SIGN_IDENTITY = "iPhone Developer";
				COPY_PHASE_STRIP = NO;
				DEBUG_INFORMATION_FORMAT = dwarf;
				ENABLE_STRICT_OBJC_MSGSEND = YES;
				ENABLE_TESTABILITY = YES;
				GCC_C_LANGUAGE_STANDARD = gnu11;
				GCC_DYNAMIC_NO_PIC = NO;
				GCC_NO_COMMON_BLOCKS = YES;
				GCC_OPTIMIZATION_LEVEL = 0;
				GCC_PREPROCESSOR_DEFINITIONS = (
					"DEBUG=1",
					"$(inherited)",
				);
				GCC_WARN_64_TO_32_BIT_CONVERSION = YES;
				GCC_WARN_ABOUT_RETURN_TYPE = YES_ERROR;
				GCC_WARN_UNDECLARED_SELECTOR = YES;
				GCC_WARN_UNINITIALIZED_AUTOS = YES_AGGRESSIVE;
				GCC_WARN_UNUSED_FUNCTION = YES;
				GCC_WARN_UNUSED_VARIABLE = YES;
				IPHONEOS_DEPLOYMENT_TARGET = 12.2;
				MTL_ENABLE_DEBUG_INFO = INCLUDE_SOURCE;
				MTL_FAST_MATH = YES;
				ONLY_ACTIVE_ARCH = YES;
				SDKROOT = iphoneos;
				SWIFT_ACTIVE_COMPILATION_CONDITIONS = DEBUG;
				SWIFT_OPTIMIZATION_LEVEL = "-Onone";
			};
			name = Debug;
		};
		40869CF122E3560F00BF2911 /* Release */ = {
			isa = XCBuildConfiguration;
			buildSettings = {
				ALWAYS_SEARCH_USER_PATHS = NO;
				CLANG_ANALYZER_NONNULL = YES;
				CLANG_ANALYZER_NUMBER_OBJECT_CONVERSION = YES_AGGRESSIVE;
				CLANG_CXX_LANGUAGE_STANDARD = "gnu++14";
				CLANG_CXX_LIBRARY = "libc++";
				CLANG_ENABLE_MODULES = YES;
				CLANG_ENABLE_OBJC_ARC = YES;
				CLANG_ENABLE_OBJC_WEAK = YES;
				CLANG_WARN_BLOCK_CAPTURE_AUTORELEASING = YES;
				CLANG_WARN_BOOL_CONVERSION = YES;
				CLANG_WARN_COMMA = YES;
				CLANG_WARN_CONSTANT_CONVERSION = YES;
				CLANG_WARN_DEPRECATED_OBJC_IMPLEMENTATIONS = YES;
				CLANG_WARN_DIRECT_OBJC_ISA_USAGE = YES_ERROR;
				CLANG_WARN_DOCUMENTATION_COMMENTS = YES;
				CLANG_WARN_EMPTY_BODY = YES;
				CLANG_WARN_ENUM_CONVERSION = YES;
				CLANG_WARN_INFINITE_RECURSION = YES;
				CLANG_WARN_INT_CONVERSION = YES;
				CLANG_WARN_NON_LITERAL_NULL_CONVERSION = YES;
				CLANG_WARN_OBJC_IMPLICIT_RETAIN_SELF = YES;
				CLANG_WARN_OBJC_LITERAL_CONVERSION = YES;
				CLANG_WARN_OBJC_ROOT_CLASS = YES_ERROR;
				CLANG_WARN_RANGE_LOOP_ANALYSIS = YES;
				CLANG_WARN_STRICT_PROTOTYPES = YES;
				CLANG_WARN_SUSPICIOUS_MOVE = YES;
				CLANG_WARN_UNGUARDED_AVAILABILITY = YES_AGGRESSIVE;
				CLANG_WARN_UNREACHABLE_CODE = YES;
				CLANG_WARN__DUPLICATE_METHOD_MATCH = YES;
				CODE_SIGN_IDENTITY = "iPhone Developer";
				COPY_PHASE_STRIP = NO;
				DEBUG_INFORMATION_FORMAT = "dwarf-with-dsym";
				ENABLE_NS_ASSERTIONS = NO;
				ENABLE_STRICT_OBJC_MSGSEND = YES;
				GCC_C_LANGUAGE_STANDARD = gnu11;
				GCC_NO_COMMON_BLOCKS = YES;
				GCC_WARN_64_TO_32_BIT_CONVERSION = YES;
				GCC_WARN_ABOUT_RETURN_TYPE = YES_ERROR;
				GCC_WARN_UNDECLARED_SELECTOR = YES;
				GCC_WARN_UNINITIALIZED_AUTOS = YES_AGGRESSIVE;
				GCC_WARN_UNUSED_FUNCTION = YES;
				GCC_WARN_UNUSED_VARIABLE = YES;
				IPHONEOS_DEPLOYMENT_TARGET = 12.2;
				MTL_ENABLE_DEBUG_INFO = NO;
				MTL_FAST_MATH = YES;
				SDKROOT = iphoneos;
				SWIFT_COMPILATION_MODE = wholemodule;
				SWIFT_OPTIMIZATION_LEVEL = "-O";
				VALIDATE_PRODUCT = YES;
			};
			name = Release;
		};
		40869CF322E3560F00BF2911 /* Debug */ = {
			isa = XCBuildConfiguration;
			buildSettings = {
				ASSETCATALOG_COMPILER_APPICON_NAME = AppIcon;
				CODE_SIGN_STYLE = Automatic;
				INFOPLIST_FILE = tableView/Info.plist;
				LD_RUNPATH_SEARCH_PATHS = (
					"$(inherited)",
					"@executable_path/Frameworks",
				);
				PRODUCT_BUNDLE_IDENTIFIER = SMU.tableView;
				PRODUCT_NAME = "$(TARGET_NAME)";
				SWIFT_VERSION = 5.0;
				TARGETED_DEVICE_FAMILY = "1,2";
			};
			name = Debug;
		};
		40869CF422E3560F00BF2911 /* Release */ = {
			isa = XCBuildConfiguration;
			buildSettings = {
				ASSETCATALOG_COMPILER_APPICON_NAME = AppIcon;
				CODE_SIGN_STYLE = Automatic;
				INFOPLIST_FILE = tableView/Info.plist;
				LD_RUNPATH_SEARCH_PATHS = (
					"$(inherited)",
					"@executable_path/Frameworks",
				);
				PRODUCT_BUNDLE_IDENTIFIER = SMU.tableView;
				PRODUCT_NAME = "$(TARGET_NAME)";
				SWIFT_VERSION = 5.0;
				TARGETED_DEVICE_FAMILY = "1,2";
			};
			name = Release;
		};
		40869CF622E3560F00BF2911 /* Debug */ = {
			isa = XCBuildConfiguration;
			buildSettings = {
				ALWAYS_EMBED_SWIFT_STANDARD_LIBRARIES = YES;
				BUNDLE_LOADER = "$(TEST_HOST)";
				CODE_SIGN_STYLE = Automatic;
				INFOPLIST_FILE = tableViewTests/Info.plist;
				LD_RUNPATH_SEARCH_PATHS = (
					"$(inherited)",
					"@executable_path/Frameworks",
					"@loader_path/Frameworks",
				);
				PRODUCT_BUNDLE_IDENTIFIER = SMU.tableViewTests;
				PRODUCT_NAME = "$(TARGET_NAME)";
				SWIFT_VERSION = 5.0;
				TARGETED_DEVICE_FAMILY = "1,2";
				TEST_HOST = "$(BUILT_PRODUCTS_DIR)/tableView.app/tableView";
			};
			name = Debug;
		};
		40869CF722E3560F00BF2911 /* Release */ = {
			isa = XCBuildConfiguration;
			buildSettings = {
				ALWAYS_EMBED_SWIFT_STANDARD_LIBRARIES = YES;
				BUNDLE_LOADER = "$(TEST_HOST)";
				CODE_SIGN_STYLE = Automatic;
				INFOPLIST_FILE = tableViewTests/Info.plist;
				LD_RUNPATH_SEARCH_PATHS = (
					"$(inherited)",
					"@executable_path/Frameworks",
					"@loader_path/Frameworks",
				);
				PRODUCT_BUNDLE_IDENTIFIER = SMU.tableViewTests;
				PRODUCT_NAME = "$(TARGET_NAME)";
				SWIFT_VERSION = 5.0;
				TARGETED_DEVICE_FAMILY = "1,2";
				TEST_HOST = "$(BUILT_PRODUCTS_DIR)/tableView.app/tableView";
			};
			name = Release;
		};
		40869CF922E3560F00BF2911 /* Debug */ = {
			isa = XCBuildConfiguration;
			buildSettings = {
				ALWAYS_EMBED_SWIFT_STANDARD_LIBRARIES = YES;
				CODE_SIGN_STYLE = Automatic;
				INFOPLIST_FILE = tableViewUITests/Info.plist;
				LD_RUNPATH_SEARCH_PATHS = (
					"$(inherited)",
					"@executable_path/Frameworks",
					"@loader_path/Frameworks",
				);
				PRODUCT_BUNDLE_IDENTIFIER = SMU.tableViewUITests;
				PRODUCT_NAME = "$(TARGET_NAME)";
				SWIFT_VERSION = 5.0;
				TARGETED_DEVICE_FAMILY = "1,2";
				TEST_TARGET_NAME = tableView;
			};
			name = Debug;
		};
		40869CFA22E3560F00BF2911 /* Release */ = {
			isa = XCBuildConfiguration;
			buildSettings = {
				ALWAYS_EMBED_SWIFT_STANDARD_LIBRARIES = YES;
				CODE_SIGN_STYLE = Automatic;
				INFOPLIST_FILE = tableViewUITests/Info.plist;
				LD_RUNPATH_SEARCH_PATHS = (
					"$(inherited)",
					"@executable_path/Frameworks",
					"@loader_path/Frameworks",
				);
				PRODUCT_BUNDLE_IDENTIFIER = SMU.tableViewUITests;
				PRODUCT_NAME = "$(TARGET_NAME)";
				SWIFT_VERSION = 5.0;
				TARGETED_DEVICE_FAMILY = "1,2";
				TEST_TARGET_NAME = tableView;
			};
			name = Release;
		};
/* End XCBuildConfiguration section */

/* Begin XCConfigurationList section */
		40869CC522E3560C00BF2911 /* Build configuration list for PBXProject "tableView" */ = {
			isa = XCConfigurationList;
			buildConfigurations = (
				40869CF022E3560F00BF2911 /* Debug */,
				40869CF122E3560F00BF2911 /* Release */,
			);
			defaultConfigurationIsVisible = 0;
			defaultConfigurationName = Release;
		};
		40869CF222E3560F00BF2911 /* Build configuration list for PBXNativeTarget "tableView" */ = {
			isa = XCConfigurationList;
			buildConfigurations = (
				40869CF322E3560F00BF2911 /* Debug */,
				40869CF422E3560F00BF2911 /* Release */,
			);
			defaultConfigurationIsVisible = 0;
			defaultConfigurationName = Release;
		};
		40869CF522E3560F00BF2911 /* Build configuration list for PBXNativeTarget "tableViewTests" */ = {
			isa = XCConfigurationList;
			buildConfigurations = (
				40869CF622E3560F00BF2911 /* Debug */,
				40869CF722E3560F00BF2911 /* Release */,
			);
			defaultConfigurationIsVisible = 0;
			defaultConfigurationName = Release;
		};
		40869CF822E3560F00BF2911 /* Build configuration list for PBXNativeTarget "tableViewUITests" */ = {
			isa = XCConfigurationList;
			buildConfigurations = (
				40869CF922E3560F00BF2911 /* Debug */,
				40869CFA22E3560F00BF2911 /* Release */,
			);
			defaultConfigurationIsVisible = 0;
			defaultConfigurationName = Release;
		};
/* End XCConfigurationList section */
	};
	rootObject = 40869CC222E3560C00BF2911 /* Project object */;
}
