
Microsoft Visual Studio Solution File, Format Version 12.00
# Visual Studio Version 16
VisualStudioVersion = 16.0.29001.49
MinimumVisualStudioVersion = 10.0.40219.1
Project("{FAE04EC0-301F-11D3-BF4B-00C04F79EFBC}") = "ConsoleApp1", "ConsoleApp1.csproj", "{CCA85E4C-E0FF-4AC3-ABFC-153D0382ABA9}"
EndProject
Global
	GlobalSection(SolutionConfigurationPlatforms) = preSolution
		Debug|Any CPU = Debug|Any CPU
		Release|Any CPU = Release|Any CPU
	EndGlobalSection
	GlobalSection(ProjectConfigurationPlatforms) = postSolution
		{CCA85E4C-E0FF-4AC3-ABFC-153D0382ABA9}.Debug|Any CPU.ActiveCfg = Debug|Any CPU
		{CCA85E4C-E0FF-4AC3-ABFC-153D0382ABA9}.Debug|Any CPU.Build.0 = Debug|Any CPU
		{CCA85E4C-E0FF-4AC3-ABFC-153D0382ABA9}.Release|Any CPU.ActiveCfg = Release|Any CPU
		{CCA85E4C-E0FF-4AC3-ABFC-153D0382ABA9}.Release|Any CPU.Build.0 = Release|Any CPU
	EndGlobalSection
	GlobalSection(SolutionProperties) = preSolution
		HideSolutionNode = FALSE
	EndGlobalSection
	GlobalSection(ExtensibilityGlobals) = postSolution
		SolutionGuid = {785495C9-CE1A-49F8-9F14-D36CF3C426F4}
	EndGlobalSection
EndGlobal
