
Microsoft Visual Studio Solution File, Format Version 12.00
# Visual Studio Version 16
VisualStudioVersion = 16.0.29001.49
MinimumVisualStudioVersion = 10.0.40219.1
Project("{FAE04EC0-301F-11D3-BF4B-00C04F79EFBC}") = "Flattern", "Flattern.csproj", "{88B69589-2289-4CFF-B9C8-1F07180679D9}"
EndProject
Global
	GlobalSection(SolutionConfigurationPlatforms) = preSolution
		Debug|Any CPU = Debug|Any CPU
		Release|Any CPU = Release|Any CPU
	EndGlobalSection
	GlobalSection(ProjectConfigurationPlatforms) = postSolution
		{88B69589-2289-4CFF-B9C8-1F07180679D9}.Debug|Any CPU.ActiveCfg = Debug|Any CPU
		{88B69589-2289-4CFF-B9C8-1F07180679D9}.Debug|Any CPU.Build.0 = Debug|Any CPU
		{88B69589-2289-4CFF-B9C8-1F07180679D9}.Release|Any CPU.ActiveCfg = Release|Any CPU
		{88B69589-2289-4CFF-B9C8-1F07180679D9}.Release|Any CPU.Build.0 = Release|Any CPU
	EndGlobalSection
	GlobalSection(SolutionProperties) = preSolution
		HideSolutionNode = FALSE
	EndGlobalSection
	GlobalSection(ExtensibilityGlobals) = postSolution
		SolutionGuid = {E1DAF19F-7FFD-4C93-BAF9-799CF9DBA210}
	EndGlobalSection
EndGlobal
